// !$*UTF8*$!
{
	archiveVersion = 1;
	classes = {
	};
	objectVersion = 52;
	objects = {

/* Begin PBXBuildFile section */
		290F64EB24DA167F00F6A144 /* AppDelegate.swift in Sources */ = {isa = PBXBuildFile; fileRef = 290F64EA24DA167F00F6A144 /* AppDelegate.swift */; };
		290F64ED24DA167F00F6A144 /* SceneDelegate.swift in Sources */ = {isa = PBXBuildFile; fileRef = 290F64EC24DA167F00F6A144 /* SceneDelegate.swift */; };
		290F64EF24DA167F00F6A144 /* ViewController.swift in Sources */ = {isa = PBXBuildFile; fileRef = 290F64EE24DA167F00F6A144 /* ViewController.swift */; };
		290F64F224DA167F00F6A144 /* Main.storyboard in Resources */ = {isa = PBXBuildFile; fileRef = 290F64F024DA167F00F6A144 /* Main.storyboard */; };
		290F64F424DA168000F6A144 /* Assets.xcassets in Resources */ = {isa = PBXBuildFile; fileRef = 290F64F324DA168000F6A144 /* Assets.xcassets */; };
		290F64F724DA168000F6A144 /* LaunchScreen.storyboard in Resources */ = {isa = PBXBuildFile; fileRef = 290F64F524DA168000F6A144 /* LaunchScreen.storyboard */; };
		290F650024DA16A300F6A144 /* Later in Frameworks */ = {isa = PBXBuildFile; productRef = 290F64FF24DA16A300F6A144 /* Later */; };
		290F650324DA16B200F6A144 /* SwiftUIKit in Frameworks */ = {isa = PBXBuildFile; productRef = 290F650224DA16B200F6A144 /* SwiftUIKit */; };
/* End PBXBuildFile section */

/* Begin PBXFileReference section */
		290F64E724DA167F00F6A144 /* TestLater.app */ = {isa = PBXFileReference; explicitFileType = wrapper.application; includeInIndex = 0; path = TestLater.app; sourceTree = BUILT_PRODUCTS_DIR; };
		290F64EA24DA167F00F6A144 /* AppDelegate.swift */ = {isa = PBXFileReference; lastKnownFileType = sourcecode.swift; path = AppDelegate.swift; sourceTree = "<group>"; };
		290F64EC24DA167F00F6A144 /* SceneDelegate.swift */ = {isa = PBXFileReference; lastKnownFileType = sourcecode.swift; path = SceneDelegate.swift; sourceTree = "<group>"; };
		290F64EE24DA167F00F6A144 /* ViewController.swift */ = {isa = PBXFileReference; lastKnownFileType = sourcecode.swift; path = ViewController.swift; sourceTree = "<group>"; };
		290F64F124DA167F00F6A144 /* Base */ = {isa = PBXFileReference; lastKnownFileType = file.storyboard; name = Base; path = Base.lproj/Main.storyboard; sourceTree = "<group>"; };
		290F64F324DA168000F6A144 /* Assets.xcassets */ = {isa = PBXFileReference; lastKnownFileType = folder.assetcatalog; path = Assets.xcassets; sourceTree = "<group>"; };
		290F64F624DA168000F6A144 /* Base */ = {isa = PBXFileReference; lastKnownFileType = file.storyboard; name = Base; path = Base.lproj/LaunchScreen.storyboard; sourceTree = "<group>"; };
		290F64F824DA168000F6A144 /* Info.plist */ = {isa = PBXFileReference; lastKnownFileType = text.plist.xml; path = Info.plist; sourceTree = "<group>"; };
/* End PBXFileReference section */

/* Begin PBXFrameworksBuildPhase section */
		290F64E424DA167F00F6A144 /* Frameworks */ = {
			isa = PBXFrameworksBuildPhase;
			buildActionMask = 2147483647;
			files = (
				290F650024DA16A300F6A144 /* Later in Frameworks */,
				290F650324DA16B200F6A144 /* SwiftUIKit in Frameworks */,
			);
			runOnlyForDeploymentPostprocessing = 0;
		};
/* End PBXFrameworksBuildPhase section */

/* Begin PBXGroup section */
		290F64DE24DA167F00F6A144 = {
			isa = PBXGroup;
			children = (
				290F64E924DA167F00F6A144 /* TestLater */,
				290F64E824DA167F00F6A144 /* Products */,
			);
			sourceTree = "<group>";
		};
		290F64E824DA167F00F6A144 /* Products */ = {
			isa = PBXGroup;
			children = (
				290F64E724DA167F00F6A144 /* TestLater.app */,
			);
			name = Products;
			sourceTree = "<group>";
		};
		290F64E924DA167F00F6A144 /* TestLater */ = {
			isa = PBXGroup;
			children = (
				290F64EA24DA167F00F6A144 /* AppDelegate.swift */,
				290F64EC24DA167F00F6A144 /* SceneDelegate.swift */,
				290F64EE24DA167F00F6A144 /* ViewController.swift */,
				290F64F024DA167F00F6A144 /* Main.storyboard */,
				290F64F324DA168000F6A144 /* Assets.xcassets */,
				290F64F524DA168000F6A144 /* LaunchScreen.storyboard */,
				290F64F824DA168000F6A144 /* Info.plist */,
			);
			path = TestLater;
			sourceTree = "<group>";
		};
/* End PBXGroup section */

/* Begin PBXNativeTarget section */
		290F64E624DA167F00F6A144 /* TestLater */ = {
			isa = PBXNativeTarget;
			buildConfigurationList = 290F64FB24DA168000F6A144 /* Build configuration list for PBXNativeTarget "TestLater" */;
			buildPhases = (
				290F64E324DA167F00F6A144 /* Sources */,
				290F64E424DA167F00F6A144 /* Frameworks */,
				290F64E524DA167F00F6A144 /* Resources */,
			);
			buildRules = (
			);
			dependencies = (
			);
			name = TestLater;
			packageProductDependencies = (
				290F64FF24DA16A300F6A144 /* Later */,
				290F650224DA16B200F6A144 /* SwiftUIKit */,
			);
			productName = TestLater;
			productReference = 290F64E724DA167F00F6A144 /* TestLater.app */;
			productType = "com.apple.product-type.application";
		};
/* End PBXNativeTarget section */

/* Begin PBXProject section */
		290F64DF24DA167F00F6A144 /* Project object */ = {
			isa = PBXProject;
			attributes = {
				LastSwiftUpdateCheck = 1150;
				LastUpgradeCheck = 1150;
				ORGANIZATIONNAME = oneleif;
				TargetAttributes = {
					290F64E624DA167F00F6A144 = {
						CreatedOnToolsVersion = 11.5;
					};
				};
			};
			buildConfigurationList = 290F64E224DA167F00F6A144 /* Build configuration list for PBXProject "TestLater" */;
			compatibilityVersion = "Xcode 9.3";
			developmentRegion = en;
			hasScannedForEncodings = 0;
			knownRegions = (
				en,
				Base,
			);
			mainGroup = 290F64DE24DA167F00F6A144;
			packageReferences = (
				290F64FE24DA16A300F6A144 /* XCRemoteSwiftPackageReference "Later" */,
				290F650124DA16B200F6A144 /* XCRemoteSwiftPackageReference "SwiftUIKit" */,
			);
			productRefGroup = 290F64E824DA167F00F6A144 /* Products */;
			projectDirPath = "";
			projectRoot = "";
			targets = (
				290F64E624DA167F00F6A144 /* TestLater */,
			);
		};
/* End PBXProject section */

/* Begin PBXResourcesBuildPhase section */
		290F64E524DA167F00F6A144 /* Resources */ = {
			isa = PBXResourcesBuildPhase;
			buildActionMask = 2147483647;
			files = (
				290F64F724DA168000F6A144 /* LaunchScreen.storyboard in Resources */,
				290F64F424DA168000F6A144 /* Assets.xcassets in Resources */,
				290F64F224DA167F00F6A144 /* Main.storyboard in Resources */,
			);
			runOnlyForDeploymentPostprocessing = 0;
		};
/* End PBXResourcesBuildPhase section */

/* Begin PBXSourcesBuildPhase section */
		290F64E324DA167F00F6A144 /* Sources */ = {
			isa = PBXSourcesBuildPhase;
			buildActionMask = 2147483647;
			files = (
				290F64EF24DA167F00F6A144 /* ViewController.swift in Sources */,
				290F64EB24DA167F00F6A144 /* AppDelegate.swift in Sources */,
				290F64ED24DA167F00F6A144 /* SceneDelegate.swift in Sources */,
			);
			runOnlyForDeploymentPostprocessing = 0;
		};
/* End PBXSourcesBuildPhase section */

/* Begin PBXVariantGroup section */
		290F64F024DA167F00F6A144 /* Main.storyboard */ = {
			isa = PBXVariantGroup;
			children = (
				290F64F124DA167F00F6A144 /* Base */,
			);
			name = Main.storyboard;
			sourceTree = "<group>";
		};
		290F64F524DA168000F6A144 /* LaunchScreen.storyboard */ = {
			isa = PBXVariantGroup;
			children = (
				290F64F624DA168000F6A144 /* Base */,
			);
			name = LaunchScreen.storyboard;
			sourceTree = "<group>";
		};
/* End PBXVariantGroup section */

/* Begin XCBuildConfiguration section */
		290F64F924DA168000F6A144 /* Debug */ = {
			isa = XCBuildConfiguration;
			buildSettings = {
				ALWAYS_SEARCH_USER_PATHS = NO;
				CLANG_ANALYZER_NONNULL = YES;
				CLANG_ANALYZER_NUMBER_OBJECT_CONVERSION = YES_AGGRESSIVE;
				CLANG_CXX_LANGUAGE_STANDARD = "gnu++14";
				CLANG_CXX_LIBRARY = "libc++";
				CLANG_ENABLE_MODULES = YES;
				CLANG_ENABLE_OBJC_ARC = YES;
				CLANG_ENABLE_OBJC_WEAK = YES;
				CLANG_WARN_BLOCK_CAPTURE_AUTORELEASING = YES;
				CLANG_WARN_BOOL_CONVERSION = YES;
				CLANG_WARN_COMMA = YES;
				CLANG_WARN_CONSTANT_CONVERSION = YES;
				CLANG_WARN_DEPRECATED_OBJC_IMPLEMENTATIONS = YES;
				CLANG_WARN_DIRECT_OBJC_ISA_USAGE = YES_ERROR;
				CLANG_WARN_DOCUMENTATION_COMMENTS = YES;
				CLANG_WARN_EMPTY_BODY = YES;
				CLANG_WARN_ENUM_CONVERSION = YES;
				CLANG_WARN_INFINITE_RECURSION = YES;
				CLANG_WARN_INT_CONVERSION = YES;
				CLANG_WARN_NON_LITERAL_NULL_CONVERSION = YES;
				CLANG_WARN_OBJC_IMPLICIT_RETAIN_SELF = YES;
				CLANG_WARN_OBJC_LITERAL_CONVERSION = YES;
				CLANG_WARN_OBJC_ROOT_CLASS = YES_ERROR;
				CLANG_WARN_RANGE_LOOP_ANALYSIS = YES;
				CLANG_WARN_STRICT_PROTOTYPES = YES;
				CLANG_WARN_SUSPICIOUS_MOVE = YES;
				CLANG_WARN_UNGUARDED_AVAILABILITY = YES_AGGRESSIVE;
				CLANG_WARN_UNREACHABLE_CODE = YES;
				CLANG_WARN__DUPLICATE_METHOD_MATCH = YES;
				COPY_PHASE_STRIP = NO;
				DEBUG_INFORMATION_FORMAT = dwarf;
				ENABLE_STRICT_OBJC_MSGSEND = YES;
				ENABLE_TESTABILITY = YES;
				GCC_C_LANGUAGE_STANDARD = gnu11;
				GCC_DYNAMIC_NO_PIC = NO;
				GCC_NO_COMMON_BLOCKS = YES;
				GCC_OPTIMIZATION_LEVEL = 0;
				GCC_PREPROCESSOR_DEFINITIONS = (
					"DEBUG=1",
					"$(inherited)",
				);
				GCC_WARN_64_TO_32_BIT_CONVERSION = YES;
				GCC_WARN_ABOUT_RETURN_TYPE = YES_ERROR;
				GCC_WARN_UNDECLARED_SELECTOR = YES;
				GCC_WARN_UNINITIALIZED_AUTOS = YES_AGGRESSIVE;
				GCC_WARN_UNUSED_FUNCTION = YES;
				GCC_WARN_UNUSED_VARIABLE = YES;
				IPHONEOS_DEPLOYMENT_TARGET = 13.5;
				MTL_ENABLE_DEBUG_INFO = INCLUDE_SOURCE;
				MTL_FAST_MATH = YES;
				ONLY_ACTIVE_ARCH = YES;
				SDKROOT = iphoneos;
				SWIFT_ACTIVE_COMPILATION_CONDITIONS = DEBUG;
				SWIFT_OPTIMIZATION_LEVEL = "-Onone";
			};
			name = Debug;
		};
		290F64FA24DA168000F6A144 /* Release */ = {
			isa = XCBuildConfiguration;
			buildSettings = {
				ALWAYS_SEARCH_USER_PATHS = NO;
				CLANG_ANALYZER_NONNULL = YES;
				CLANG_ANALYZER_NUMBER_OBJECT_CONVERSION = YES_AGGRESSIVE;
				CLANG_CXX_LANGUAGE_STANDARD = "gnu++14";
				CLANG_CXX_LIBRARY = "libc++";
				CLANG_ENABLE_MODULES = YES;
				CLANG_ENABLE_OBJC_ARC = YES;
				CLANG_ENABLE_OBJC_WEAK = YES;
				CLANG_WARN_BLOCK_CAPTURE_AUTORELEASING = YES;
				CLANG_WARN_BOOL_CONVERSION = YES;
				CLANG_WARN_COMMA = YES;
				CLANG_WARN_CONSTANT_CONVERSION = YES;
				CLANG_WARN_DEPRECATED_OBJC_IMPLEMENTATIONS = YES;
				CLANG_WARN_DIRECT_OBJC_ISA_USAGE = YES_ERROR;
				CLANG_WARN_DOCUMENTATION_COMMENTS = YES;
				CLANG_WARN_EMPTY_BODY = YES;
				CLANG_WARN_ENUM_CONVERSION = YES;
				CLANG_WARN_INFINITE_RECURSION = YES;
				CLANG_WARN_INT_CONVERSION = YES;
				CLANG_WARN_NON_LITERAL_NULL_CONVERSION = YES;
				CLANG_WARN_OBJC_IMPLICIT_RETAIN_SELF = YES;
				CLANG_WARN_OBJC_LITERAL_CONVERSION = YES;
				CLANG_WARN_OBJC_ROOT_CLASS = YES_ERROR;
				CLANG_WARN_RANGE_LOOP_ANALYSIS = YES;
				CLANG_WARN_STRICT_PROTOTYPES = YES;
				CLANG_WARN_SUSPICIOUS_MOVE = YES;
				CLANG_WARN_UNGUARDED_AVAILABILITY = YES_AGGRESSIVE;
				CLANG_WARN_UNREACHABLE_CODE = YES;
				CLANG_WARN__DUPLICATE_METHOD_MATCH = YES;
				COPY_PHASE_STRIP = NO;
				DEBUG_INFORMATION_FORMAT = "dwarf-with-dsym";
				ENABLE_NS_ASSERTIONS = NO;
				ENABLE_STRICT_OBJC_MSGSEND = YES;
				GCC_C_LANGUAGE_STANDARD = gnu11;
				GCC_NO_COMMON_BLOCKS = YES;
				GCC_WARN_64_TO_32_BIT_CONVERSION = YES;
				GCC_WARN_ABOUT_RETURN_TYPE = YES_ERROR;
				GCC_WARN_UNDECLARED_SELECTOR = YES;
				GCC_WARN_UNINITIALIZED_AUTOS = YES_AGGRESSIVE;
				GCC_WARN_UNUSED_FUNCTION = YES;
				GCC_WARN_UNUSED_VARIABLE = YES;
				IPHONEOS_DEPLOYMENT_TARGET = 13.5;
				MTL_ENABLE_DEBUG_INFO = NO;
				MTL_FAST_MATH = YES;
				SDKROOT = iphoneos;
				SWIFT_COMPILATION_MODE = wholemodule;
				SWIFT_OPTIMIZATION_LEVEL = "-O";
				VALIDATE_PRODUCT = YES;
			};
			name = Release;
		};
		290F64FC24DA168000F6A144 /* Debug */ = {
			isa = XCBuildConfiguration;
			buildSettings = {
				ASSETCATALOG_COMPILER_APPICON_NAME = AppIcon;
				CODE_SIGN_STYLE = Automatic;
				DEVELOPMENT_TEAM = 8M8SAX62V2;
				INFOPLIST_FILE = TestLater/Info.plist;
				LD_RUNPATH_SEARCH_PATHS = (
					"$(inherited)",
					"@executable_path/Frameworks",
				);
				PRODUCT_BUNDLE_IDENTIFIER = ol.TestLater;
				PRODUCT_NAME = "$(TARGET_NAME)";
				SWIFT_VERSION = 5.0;
				TARGETED_DEVICE_FAMILY = "1,2";
			};
			name = Debug;
		};
		290F64FD24DA168000F6A144 /* Release */ = {
			isa = XCBuildConfiguration;
			buildSettings = {
				ASSETCATALOG_COMPILER_APPICON_NAME = AppIcon;
				CODE_SIGN_STYLE = Automatic;
				DEVELOPMENT_TEAM = 8M8SAX62V2;
				INFOPLIST_FILE = TestLater/Info.plist;
				LD_RUNPATH_SEARCH_PATHS = (
					"$(inherited)",
					"@executable_path/Frameworks",
				);
				PRODUCT_BUNDLE_IDENTIFIER = ol.TestLater;
				PRODUCT_NAME = "$(TARGET_NAME)";
				SWIFT_VERSION = 5.0;
				TARGETED_DEVICE_FAMILY = "1,2";
			};
			name = Release;
		};
/* End XCBuildConfiguration section */

/* Begin XCConfigurationList section */
		290F64E224DA167F00F6A144 /* Build configuration list for PBXProject "TestLater" */ = {
			isa = XCConfigurationList;
			buildConfigurations = (
				290F64F924DA168000F6A144 /* Debug */,
				290F64FA24DA168000F6A144 /* Release */,
			);
			defaultConfigurationIsVisible = 0;
			defaultConfigurationName = Release;
		};
		290F64FB24DA168000F6A144 /* Build configuration list for PBXNativeTarget "TestLater" */ = {
			isa = XCConfigurationList;
			buildConfigurations = (
				290F64FC24DA168000F6A144 /* Debug */,
				290F64FD24DA168000F6A144 /* Release */,
			);
			defaultConfigurationIsVisible = 0;
			defaultConfigurationName = Release;
		};
/* End XCConfigurationList section */

/* Begin XCRemoteSwiftPackageReference section */
		290F64FE24DA16A300F6A144 /* XCRemoteSwiftPackageReference "Later" */ = {
			isa = XCRemoteSwiftPackageReference;
			repositoryURL = "https://github.com/0xLeif/Later";
			requirement = {
				branch = master;
				kind = branch;
			};
		};
		290F650124DA16B200F6A144 /* XCRemoteSwiftPackageReference "SwiftUIKit" */ = {
			isa = XCRemoteSwiftPackageReference;
			repositoryURL = "https://github.com/0xLeif/SwiftUIKit";
			requirement = {
				kind = upToNextMajorVersion;
				minimumVersion = 1.3.0;
			};
		};
/* End XCRemoteSwiftPackageReference section */

/* Begin XCSwiftPackageProductDependency section */
		290F64FF24DA16A300F6A144 /* Later */ = {
			isa = XCSwiftPackageProductDependency;
			package = 290F64FE24DA16A300F6A144 /* XCRemoteSwiftPackageReference "Later" */;
			productName = Later;
		};
		290F650224DA16B200F6A144 /* SwiftUIKit */ = {
			isa = XCSwiftPackageProductDependency;
			package = 290F650124DA16B200F6A144 /* XCRemoteSwiftPackageReference "SwiftUIKit" */;
			productName = SwiftUIKit;
		};
/* End XCSwiftPackageProductDependency section */
	};
	rootObject = 290F64DF24DA167F00F6A144 /* Project object */;
}
